
Microsoft Visual Studio Solution File, Format Version 12.00
# Visual Studio Version 17
VisualStudioVersion = 17.0.31912.275
MinimumVisualStudioVersion = 10.0.40219.1
Project("{9A19103F-16F7-4668-BE54-9A1E7A4F7556}") = "eVideoPrime.APIs", "eVideoPrime.APIs\eVideoPrime.APIs.csproj", "{3FD51135-BD45-4EE2-9B2C-EC8C3A2D25CA}"
EndProject
Project("{9A19103F-16F7-4668-BE54-9A1E7A4F7556}") = "eVideoPrime.Core", "eVideoPrime.Core\eVideoPrime.Core.csproj", "{D30C8384-EB06-4909-8790-9A54CF2706DA}"
EndProject
Project("{9A19103F-16F7-4668-BE54-9A1E7A4F7556}") = "eVideoPrime.Models", "eVideoPrime.DomainModels\eVideoPrime.Models.csproj", "{547F45D7-16C8-4FD9-83C4-F66D2A3EC3CB}"
EndProject
Project("{9A19103F-16F7-4668-BE54-9A1E7A4F7556}") = "eVideoPrime.Services", "eVideoPrime.Services\eVideoPrime.Services.csproj", "{2AE80D20-DC21-4057-A3CF-661BF4AA5D8E}"
EndProject
Project("{FAE04EC0-301F-11D3-BF4B-00C04F79EFBC}") = "eVideoPrime.Repositories", "eVideoPrime.Repositories\eVideoPrime.Repositories.csproj", "{5CC41EED-107E-4570-88C6-9AD65B135AFF}"
EndProject
Global
	GlobalSection(SolutionConfigurationPlatforms) = preSolution
		Debug|Any CPU = Debug|Any CPU
		Release|Any CPU = Release|Any CPU
	EndGlobalSection
	GlobalSection(ProjectConfigurationPlatforms) = postSolution
		{3FD51135-BD45-4EE2-9B2C-EC8C3A2D25CA}.Debug|Any CPU.ActiveCfg = Debug|Any CPU
		{3FD51135-BD45-4EE2-9B2C-EC8C3A2D25CA}.Debug|Any CPU.Build.0 = Debug|Any CPU
		{3FD51135-BD45-4EE2-9B2C-EC8C3A2D25CA}.Release|Any CPU.ActiveCfg = Release|Any CPU
		{3FD51135-BD45-4EE2-9B2C-EC8C3A2D25CA}.Release|Any CPU.Build.0 = Release|Any CPU
		{D30C8384-EB06-4909-8790-9A54CF2706DA}.Debug|Any CPU.ActiveCfg = Debug|Any CPU
		{D30C8384-EB06-4909-8790-9A54CF2706DA}.Debug|Any CPU.Build.0 = Debug|Any CPU
		{D30C8384-EB06-4909-8790-9A54CF2706DA}.Release|Any CPU.ActiveCfg = Release|Any CPU
		{D30C8384-EB06-4909-8790-9A54CF2706DA}.Release|Any CPU.Build.0 = Release|Any CPU
		{547F45D7-16C8-4FD9-83C4-F66D2A3EC3CB}.Debug|Any CPU.ActiveCfg = Debug|Any CPU
		{547F45D7-16C8-4FD9-83C4-F66D2A3EC3CB}.Debug|Any CPU.Build.0 = Debug|Any CPU
		{547F45D7-16C8-4FD9-83C4-F66D2A3EC3CB}.Release|Any CPU.ActiveCfg = Release|Any CPU
		{547F45D7-16C8-4FD9-83C4-F66D2A3EC3CB}.Release|Any CPU.Build.0 = Release|Any CPU
		{2AE80D20-DC21-4057-A3CF-661BF4AA5D8E}.Debug|Any CPU.ActiveCfg = Debug|Any CPU
		{2AE80D20-DC21-4057-A3CF-661BF4AA5D8E}.Debug|Any CPU.Build.0 = Debug|Any CPU
		{2AE80D20-DC21-4057-A3CF-661BF4AA5D8E}.Release|Any CPU.ActiveCfg = Release|Any CPU
		{2AE80D20-DC21-4057-A3CF-661BF4AA5D8E}.Release|Any CPU.Build.0 = Release|Any CPU
		{5CC41EED-107E-4570-88C6-9AD65B135AFF}.Debug|Any CPU.ActiveCfg = Debug|Any CPU
		{5CC41EED-107E-4570-88C6-9AD65B135AFF}.Debug|Any CPU.Build.0 = Debug|Any CPU
		{5CC41EED-107E-4570-88C6-9AD65B135AFF}.Release|Any CPU.ActiveCfg = Release|Any CPU
		{5CC41EED-107E-4570-88C6-9AD65B135AFF}.Release|Any CPU.Build.0 = Release|Any CPU
	EndGlobalSection
	GlobalSection(SolutionProperties) = preSolution
		HideSolutionNode = FALSE
	EndGlobalSection
	GlobalSection(ExtensibilityGlobals) = postSolution
		SolutionGuid = {324A1B84-DDAD-4994-A8B6-5B9B939CC5CA}
	EndGlobalSection
EndGlobal
